
Microsoft Visual Studio Solution File, Format Version 12.00
# Visual Studio Version 16
VisualStudioVersion = 16.0.33130.400
MinimumVisualStudioVersion = 10.0.40219.1
Project("{FAE04EC0-301F-11D3-BF4B-00C04F79EFBC}") = "Snake Game", "Snake Game\Snake Game.csproj", "{44347E83-BAE9-45E4-B7A1-40D6003EBCB3}"
EndProject
Global
	GlobalSection(SolutionConfigurationPlatforms) = preSolution
		Debug|Any CPU = Debug|Any CPU
		Release|Any CPU = Release|Any CPU
	EndGlobalSection
	GlobalSection(ProjectConfigurationPlatforms) = postSolution
		{44347E83-BAE9-45E4-B7A1-40D6003EBCB3}.Debug|Any CPU.ActiveCfg = Debug|Any CPU
		{44347E83-BAE9-45E4-B7A1-40D6003EBCB3}.Debug|Any CPU.Build.0 = Debug|Any CPU
		{44347E83-BAE9-45E4-B7A1-40D6003EBCB3}.Release|Any CPU.ActiveCfg = Release|Any CPU
		{44347E83-BAE9-45E4-B7A1-40D6003EBCB3}.Release|Any CPU.Build.0 = Release|Any CPU
	EndGlobalSection
	GlobalSection(SolutionProperties) = preSolution
		HideSolutionNode = FALSE
	EndGlobalSection
	GlobalSection(ExtensibilityGlobals) = postSolution
		SolutionGuid = {8EADA026-9BF8-48A2-8072-DE00E3DCC106}
	EndGlobalSection
EndGlobal
